// !$*UTF8*$!
{
	archiveVersion = 1;
	classes = {
	};
	objectVersion = 46;
	objects = {

/* Begin PBXBuildFile section */
		18A323FC1E3CC287005F859F /* main.m in Sources */ = {isa = PBXBuildFile; fileRef = 18A323FB1E3CC287005F859F /* main.m */; };
		18A323FF1E3CC287005F859F /* AppDelegate.m in Sources */ = {isa = PBXBuildFile; fileRef = 18A323FE1E3CC287005F859F /* AppDelegate.m */; };
		18A324021E3CC287005F859F /* ViewController.m in Sources */ = {isa = PBXBuildFile; fileRef = 18A324011E3CC287005F859F /* ViewController.m */; };
		18A324051E3CC287005F859F /* Main.storyboard in Resources */ = {isa = PBXBuildFile; fileRef = 18A324031E3CC287005F859F /* Main.storyboard */; };
		18A324071E3CC287005F859F /* Assets.xcassets in Resources */ = {isa = PBXBuildFile; fileRef = 18A324061E3CC287005F859F /* Assets.xcassets */; };
		18A3240A1E3CC287005F859F /* LaunchScreen.storyboard in Resources */ = {isa = PBXBuildFile; fileRef = 18A324081E3CC287005F859F /* LaunchScreen.storyboard */; };
		18A324141E3CC2BD005F859F /* XLDotLoading.m in Sources */ = {isa = PBXBuildFile; fileRef = 18A324131E3CC2BD005F859F /* XLDotLoading.m */; };
		18A324171E3CC2C6005F859F /* XLDot.m in Sources */ = {isa = PBXBuildFile; fileRef = 18A324161E3CC2C6005F859F /* XLDot.m */; };
		18A3241C1E3CC43F005F859F /* ViewBack.PNG in Resources */ = {isa = PBXBuildFile; fileRef = 18A3241B1E3CC43F005F859F /* ViewBack.PNG */; };
/* End PBXBuildFile section */

/* Begin PBXFileReference section */
		18A323F71E3CC287005F859F /* XLDotLoadingDemo.app */ = {isa = PBXFileReference; explicitFileType = wrapper.application; includeInIndex = 0; path = XLDotLoadingDemo.app; sourceTree = BUILT_PRODUCTS_DIR; };
		18A323FB1E3CC287005F859F /* main.m */ = {isa = PBXFileReference; lastKnownFileType = sourcecode.c.objc; path = main.m; sourceTree = "<group>"; };
		18A323FD1E3CC287005F859F /* AppDelegate.h */ = {isa = PBXFileReference; lastKnownFileType = sourcecode.c.h; path = AppDelegate.h; sourceTree = "<group>"; };
		18A323FE1E3CC287005F859F /* AppDelegate.m */ = {isa = PBXFileReference; lastKnownFileType = sourcecode.c.objc; path = AppDelegate.m; sourceTree = "<group>"; };
		18A324001E3CC287005F859F /* ViewController.h */ = {isa = PBXFileReference; lastKnownFileType = sourcecode.c.h; path = ViewController.h; sourceTree = "<group>"; };
		18A324011E3CC287005F859F /* ViewController.m */ = {isa = PBXFileReference; lastKnownFileType = sourcecode.c.objc; path = ViewController.m; sourceTree = "<group>"; };
		18A324041E3CC287005F859F /* Base */ = {isa = PBXFileReference; lastKnownFileType = file.storyboard; name = Base; path = Base.lproj/Main.storyboard; sourceTree = "<group>"; };
		18A324061E3CC287005F859F /* Assets.xcassets */ = {isa = PBXFileReference; lastKnownFileType = folder.assetcatalog; path = Assets.xcassets; sourceTree = "<group>"; };
		18A324091E3CC287005F859F /* Base */ = {isa = PBXFileReference; lastKnownFileType = file.storyboard; name = Base; path = Base.lproj/LaunchScreen.storyboard; sourceTree = "<group>"; };
		18A3240B1E3CC287005F859F /* Info.plist */ = {isa = PBXFileReference; lastKnownFileType = text.plist.xml; path = Info.plist; sourceTree = "<group>"; };
		18A324121E3CC2BD005F859F /* XLDotLoading.h */ = {isa = PBXFileReference; fileEncoding = 4; lastKnownFileType = sourcecode.c.h; path = XLDotLoading.h; sourceTree = "<group>"; };
		18A324131E3CC2BD005F859F /* XLDotLoading.m */ = {isa = PBXFileReference; fileEncoding = 4; lastKnownFileType = sourcecode.c.objc; path = XLDotLoading.m; sourceTree = "<group>"; };
		18A324151E3CC2C6005F859F /* XLDot.h */ = {isa = PBXFileReference; fileEncoding = 4; lastKnownFileType = sourcecode.c.h; path = XLDot.h; sourceTree = "<group>"; };
		18A324161E3CC2C6005F859F /* XLDot.m */ = {isa = PBXFileReference; fileEncoding = 4; lastKnownFileType = sourcecode.c.objc; path = XLDot.m; sourceTree = "<group>"; };
		18A3241B1E3CC43F005F859F /* ViewBack.PNG */ = {isa = PBXFileReference; lastKnownFileType = image.png; path = ViewBack.PNG; sourceTree = "<group>"; };
/* End PBXFileReference section */

/* Begin PBXFrameworksBuildPhase section */
		18A323F41E3CC287005F859F /* Frameworks */ = {
			isa = PBXFrameworksBuildPhase;
			buildActionMask = 2147483647;
			files = (
			);
			runOnlyForDeploymentPostprocessing = 0;
		};
/* End PBXFrameworksBuildPhase section */

/* Begin PBXGroup section */
		18A323EE1E3CC287005F859F = {
			isa = PBXGroup;
			children = (
				18A324111E3CC29A005F859F /* XLDotLoading */,
				18A323F91E3CC287005F859F /* XLDotLoadingDemo */,
				18A323F81E3CC287005F859F /* Products */,
			);
			sourceTree = "<group>";
		};
		18A323F81E3CC287005F859F /* Products */ = {
			isa = PBXGroup;
			children = (
				18A323F71E3CC287005F859F /* XLDotLoadingDemo.app */,
			);
			name = Products;
			sourceTree = "<group>";
		};
		18A323F91E3CC287005F859F /* XLDotLoadingDemo */ = {
			isa = PBXGroup;
			children = (
				18A3241A1E3CC429005F859F /* Images */,
				18A323FD1E3CC287005F859F /* AppDelegate.h */,
				18A323FE1E3CC287005F859F /* AppDelegate.m */,
				18A324001E3CC287005F859F /* ViewController.h */,
				18A324011E3CC287005F859F /* ViewController.m */,
				18A324031E3CC287005F859F /* Main.storyboard */,
				18A324061E3CC287005F859F /* Assets.xcassets */,
				18A324081E3CC287005F859F /* LaunchScreen.storyboard */,
				18A3240B1E3CC287005F859F /* Info.plist */,
				18A323FA1E3CC287005F859F /* Supporting Files */,
			);
			path = XLDotLoadingDemo;
			sourceTree = "<group>";
		};
		18A323FA1E3CC287005F859F /* Supporting Files */ = {
			isa = PBXGroup;
			children = (
				18A323FB1E3CC287005F859F /* main.m */,
			);
			name = "Supporting Files";
			sourceTree = "<group>";
		};
		18A324111E3CC29A005F859F /* XLDotLoading */ = {
			isa = PBXGroup;
			children = (
				18A324121E3CC2BD005F859F /* XLDotLoading.h */,
				18A324131E3CC2BD005F859F /* XLDotLoading.m */,
				18A324151E3CC2C6005F859F /* XLDot.h */,
				18A324161E3CC2C6005F859F /* XLDot.m */,
			);
			path = XLDotLoading;
			sourceTree = "<group>";
		};
		18A3241A1E3CC429005F859F /* Images */ = {
			isa = PBXGroup;
			children = (
				18A3241B1E3CC43F005F859F /* ViewBack.PNG */,
			);
			path = Images;
			sourceTree = "<group>";
		};
/* End PBXGroup section */

/* Begin PBXNativeTarget section */
		18A323F61E3CC287005F859F /* XLDotLoadingDemo */ = {
			isa = PBXNativeTarget;
			buildConfigurationList = 18A3240E1E3CC287005F859F /* Build configuration list for PBXNativeTarget "XLDotLoadingDemo" */;
			buildPhases = (
				18A323F31E3CC287005F859F /* Sources */,
				18A323F41E3CC287005F859F /* Frameworks */,
				18A323F51E3CC287005F859F /* Resources */,
			);
			buildRules = (
			);
			dependencies = (
			);
			name = XLDotLoadingDemo;
			productName = XLDotLoadingDemo;
			productReference = 18A323F71E3CC287005F859F /* XLDotLoadingDemo.app */;
			productType = "com.apple.product-type.application";
		};
/* End PBXNativeTarget section */

/* Begin PBXProject section */
		18A323EF1E3CC287005F859F /* Project object */ = {
			isa = PBXProject;
			attributes = {
				LastUpgradeCheck = 0820;
				ORGANIZATIONNAME = Apple;
				TargetAttributes = {
					18A323F61E3CC287005F859F = {
						CreatedOnToolsVersion = 8.2.1;
						ProvisioningStyle = Automatic;
					};
				};
			};
			buildConfigurationList = 18A323F21E3CC287005F859F /* Build configuration list for PBXProject "XLDotLoadingDemo" */;
			compatibilityVersion = "Xcode 3.2";
			developmentRegion = English;
			hasScannedForEncodings = 0;
			knownRegions = (
				en,
				Base,
			);
			mainGroup = 18A323EE1E3CC287005F859F;
			productRefGroup = 18A323F81E3CC287005F859F /* Products */;
			projectDirPath = "";
			projectRoot = "";
			targets = (
				18A323F61E3CC287005F859F /* XLDotLoadingDemo */,
			);
		};
/* End PBXProject section */

/* Begin PBXResourcesBuildPhase section */
		18A323F51E3CC287005F859F /* Resources */ = {
			isa = PBXResourcesBuildPhase;
			buildActionMask = 2147483647;
			files = (
				18A3240A1E3CC287005F859F /* LaunchScreen.storyboard in Resources */,
				18A324071E3CC287005F859F /* Assets.xcassets in Resources */,
				18A324051E3CC287005F859F /* Main.storyboard in Resources */,
				18A3241C1E3CC43F005F859F /* ViewBack.PNG in Resources */,
			);
			runOnlyForDeploymentPostprocessing = 0;
		};
/* End PBXResourcesBuildPhase section */

/* Begin PBXSourcesBuildPhase section */
		18A323F31E3CC287005F859F /* Sources */ = {
			isa = PBXSourcesBuildPhase;
			buildActionMask = 2147483647;
			files = (
				18A324171E3CC2C6005F859F /* XLDot.m in Sources */,
				18A324021E3CC287005F859F /* ViewController.m in Sources */,
				18A323FF1E3CC287005F859F /* AppDelegate.m in Sources */,
				18A324141E3CC2BD005F859F /* XLDotLoading.m in Sources */,
				18A323FC1E3CC287005F859F /* main.m in Sources */,
			);
			runOnlyForDeploymentPostprocessing = 0;
		};
/* End PBXSourcesBuildPhase section */

/* Begin PBXVariantGroup section */
		18A324031E3CC287005F859F /* Main.storyboard */ = {
			isa = PBXVariantGroup;
			children = (
				18A324041E3CC287005F859F /* Base */,
			);
			name = Main.storyboard;
			sourceTree = "<group>";
		};
		18A324081E3CC287005F859F /* LaunchScreen.storyboard */ = {
			isa = PBXVariantGroup;
			children = (
				18A324091E3CC287005F859F /* Base */,
			);
			name = LaunchScreen.storyboard;
			sourceTree = "<group>";
		};
/* End PBXVariantGroup section */

/* Begin XCBuildConfiguration section */
		18A3240C1E3CC287005F859F /* Debug */ = {
			isa = XCBuildConfiguration;
			buildSettings = {
				ALWAYS_SEARCH_USER_PATHS = NO;
				CLANG_ANALYZER_NONNULL = YES;
				CLANG_CXX_LANGUAGE_STANDARD = "gnu++0x";
				CLANG_CXX_LIBRARY = "libc++";
				CLANG_ENABLE_MODULES = YES;
				CLANG_ENABLE_OBJC_ARC = YES;
				CLANG_WARN_BOOL_CONVERSION = YES;
				CLANG_WARN_CONSTANT_CONVERSION = YES;
				CLANG_WARN_DIRECT_OBJC_ISA_USAGE = YES_ERROR;
				CLANG_WARN_DOCUMENTATION_COMMENTS = YES;
				CLANG_WARN_EMPTY_BODY = YES;
				CLANG_WARN_ENUM_CONVERSION = YES;
				CLANG_WARN_INFINITE_RECURSION = YES;
				CLANG_WARN_INT_CONVERSION = YES;
				CLANG_WARN_OBJC_ROOT_CLASS = YES_ERROR;
				CLANG_WARN_SUSPICIOUS_MOVE = YES;
				CLANG_WARN_UNREACHABLE_CODE = YES;
				CLANG_WARN__DUPLICATE_METHOD_MATCH = YES;
				"CODE_SIGN_IDENTITY[sdk=iphoneos*]" = "iPhone Developer";
				COPY_PHASE_STRIP = NO;
				DEBUG_INFORMATION_FORMAT = dwarf;
				ENABLE_STRICT_OBJC_MSGSEND = YES;
				ENABLE_TESTABILITY = YES;
				GCC_C_LANGUAGE_STANDARD = gnu99;
				GCC_DYNAMIC_NO_PIC = NO;
				GCC_NO_COMMON_BLOCKS = YES;
				GCC_OPTIMIZATION_LEVEL = 0;
				GCC_PREPROCESSOR_DEFINITIONS = (
					"DEBUG=1",
					"$(inherited)",
				);
				GCC_WARN_64_TO_32_BIT_CONVERSION = YES;
				GCC_WARN_ABOUT_RETURN_TYPE = YES_ERROR;
				GCC_WARN_UNDECLARED_SELECTOR = YES;
				GCC_WARN_UNINITIALIZED_AUTOS = YES_AGGRESSIVE;
				GCC_WARN_UNUSED_FUNCTION = YES;
				GCC_WARN_UNUSED_VARIABLE = YES;
				IPHONEOS_DEPLOYMENT_TARGET = 10.2;
				MTL_ENABLE_DEBUG_INFO = YES;
				ONLY_ACTIVE_ARCH = YES;
				SDKROOT = iphoneos;
			};
			name = Debug;
		};
		18A3240D1E3CC287005F859F /* Release */ = {
			isa = XCBuildConfiguration;
			buildSettings = {
				ALWAYS_SEARCH_USER_PATHS = NO;
				CLANG_ANALYZER_NONNULL = YES;
				CLANG_CXX_LANGUAGE_STANDARD = "gnu++0x";
				CLANG_CXX_LIBRARY = "libc++";
				CLANG_ENABLE_MODULES = YES;
				CLANG_ENABLE_OBJC_ARC = YES;
				CLANG_WARN_BOOL_CONVERSION = YES;
				CLANG_WARN_CONSTANT_CONVERSION = YES;
				CLANG_WARN_DIRECT_OBJC_ISA_USAGE = YES_ERROR;
				CLANG_WARN_DOCUMENTATION_COMMENTS = YES;
				CLANG_WARN_EMPTY_BODY = YES;
				CLANG_WARN_ENUM_CONVERSION = YES;
				CLANG_WARN_INFINITE_RECURSION = YES;
				CLANG_WARN_INT_CONVERSION = YES;
				CLANG_WARN_OBJC_ROOT_CLASS = YES_ERROR;
				CLANG_WARN_SUSPICIOUS_MOVE = YES;
				CLANG_WARN_UNREACHABLE_CODE = YES;
				CLANG_WARN__DUPLICATE_METHOD_MATCH = YES;
				"CODE_SIGN_IDENTITY[sdk=iphoneos*]" = "iPhone Developer";
				COPY_PHASE_STRIP = NO;
				DEBUG_INFORMATION_FORMAT = "dwarf-with-dsym";
				ENABLE_NS_ASSERTIONS = NO;
				ENABLE_STRICT_OBJC_MSGSEND = YES;
				GCC_C_LANGUAGE_STANDARD = gnu99;
				GCC_NO_COMMON_BLOCKS = YES;
				GCC_WARN_64_TO_32_BIT_CONVERSION = YES;
				GCC_WARN_ABOUT_RETURN_TYPE = YES_ERROR;
				GCC_WARN_UNDECLARED_SELECTOR = YES;
				GCC_WARN_UNINITIALIZED_AUTOS = YES_AGGRESSIVE;
				GCC_WARN_UNUSED_FUNCTION = YES;
				GCC_WARN_UNUSED_VARIABLE = YES;
				IPHONEOS_DEPLOYMENT_TARGET = 10.2;
				MTL_ENABLE_DEBUG_INFO = NO;
				SDKROOT = iphoneos;
				VALIDATE_PRODUCT = YES;
			};
			name = Release;
		};
		18A3240F1E3CC287005F859F /* Debug */ = {
			isa = XCBuildConfiguration;
			buildSettings = {
				ASSETCATALOG_COMPILER_APPICON_NAME = AppIcon;
				INFOPLIST_FILE = XLDotLoadingDemo/Info.plist;
				LD_RUNPATH_SEARCH_PATHS = "$(inherited) @executable_path/Frameworks";
				PRODUCT_BUNDLE_IDENTIFIER = mxl.XLDotLoadingDemo;
				PRODUCT_NAME = "$(TARGET_NAME)";
			};
			name = Debug;
		};
		18A324101E3CC287005F859F /* Release */ = {
			isa = XCBuildConfiguration;
			buildSettings = {
				ASSETCATALOG_COMPILER_APPICON_NAME = AppIcon;
				INFOPLIST_FILE = XLDotLoadingDemo/Info.plist;
				LD_RUNPATH_SEARCH_PATHS = "$(inherited) @executable_path/Frameworks";
				PRODUCT_BUNDLE_IDENTIFIER = mxl.XLDotLoadingDemo;
				PRODUCT_NAME = "$(TARGET_NAME)";
			};
			name = Release;
		};
/* End XCBuildConfiguration section */

/* Begin XCConfigurationList section */
		18A323F21E3CC287005F859F /* Build configuration list for PBXProject "XLDotLoadingDemo" */ = {
			isa = XCConfigurationList;
			buildConfigurations = (
				18A3240C1E3CC287005F859F /* Debug */,
				18A3240D1E3CC287005F859F /* Release */,
			);
			defaultConfigurationIsVisible = 0;
			defaultConfigurationName = Release;
		};
		18A3240E1E3CC287005F859F /* Build configuration list for PBXNativeTarget "XLDotLoadingDemo" */ = {
			isa = XCConfigurationList;
			buildConfigurations = (
				18A3240F1E3CC287005F859F /* Debug */,
				18A324101E3CC287005F859F /* Release */,
			);
			defaultConfigurationIsVisible = 0;
		};
/* End XCConfigurationList section */
	};
	rootObject = 18A323EF1E3CC287005F859F /* Project object */;
}
